
Microsoft Visual Studio Solution File, Format Version 12.00
# Visual Studio Version 17
VisualStudioVersion = 17.1.32228.430
MinimumVisualStudioVersion = 10.0.40219.1
Project("{FAE04EC0-301F-11D3-BF4B-00C04F79EFBC}") = "pia5_18627", "pia5_18627\pia5_18627.csproj", "{581996E0-4A4A-493C-9E02-24DBF0C84BB8}"
EndProject
Global
	GlobalSection(SolutionConfigurationPlatforms) = preSolution
		Debug|Any CPU = Debug|Any CPU
		Release|Any CPU = Release|Any CPU
	EndGlobalSection
	GlobalSection(ProjectConfigurationPlatforms) = postSolution
		{581996E0-4A4A-493C-9E02-24DBF0C84BB8}.Debug|Any CPU.ActiveCfg = Debug|Any CPU
		{581996E0-4A4A-493C-9E02-24DBF0C84BB8}.Debug|Any CPU.Build.0 = Debug|Any CPU
		{581996E0-4A4A-493C-9E02-24DBF0C84BB8}.Release|Any CPU.ActiveCfg = Release|Any CPU
		{581996E0-4A4A-493C-9E02-24DBF0C84BB8}.Release|Any CPU.Build.0 = Release|Any CPU
	EndGlobalSection
	GlobalSection(SolutionProperties) = preSolution
		HideSolutionNode = FALSE
	EndGlobalSection
	GlobalSection(ExtensibilityGlobals) = postSolution
		SolutionGuid = {242792B1-2CF6-4D47-845C-59E4940FB96F}
	EndGlobalSection
EndGlobal
